
Microsoft Visual Studio Solution File, Format Version 12.00
# Visual Studio 15
VisualStudioVersion = 15.0.26730.10
MinimumVisualStudioVersion = 10.0.40219.1
Project("{FAE04EC0-301F-11D3-BF4B-00C04F79EFBC}") = "PACMAN_RACER_LIKE", "PACMAN_RACER_LIKE.csproj", "{748ED6AC-D598-CC93-551F-EAE7BC4E21A7}"
EndProject
Project("{FAE04EC0-301F-11D3-BF4B-00C04F79EFBC}") = "PACMAN_RACER_LIKE.Editor", "PACMAN_RACER_LIKE.Editor.csproj", "{52C55BE7-9819-D5C7-D51A-3C1B5404C068}"
EndProject
Global
	GlobalSection(SolutionConfigurationPlatforms) = preSolution
		Debug|Any CPU = Debug|Any CPU
		Release|Any CPU = Release|Any CPU
	EndGlobalSection
	GlobalSection(ProjectConfigurationPlatforms) = postSolution
		{748ED6AC-D598-CC93-551F-EAE7BC4E21A7}.Debug|Any CPU.ActiveCfg = Debug|Any CPU
		{748ED6AC-D598-CC93-551F-EAE7BC4E21A7}.Debug|Any CPU.Build.0 = Debug|Any CPU
		{748ED6AC-D598-CC93-551F-EAE7BC4E21A7}.Release|Any CPU.ActiveCfg = Release|Any CPU
		{748ED6AC-D598-CC93-551F-EAE7BC4E21A7}.Release|Any CPU.Build.0 = Release|Any CPU
		{52C55BE7-9819-D5C7-D51A-3C1B5404C068}.Debug|Any CPU.ActiveCfg = Debug|Any CPU
		{52C55BE7-9819-D5C7-D51A-3C1B5404C068}.Debug|Any CPU.Build.0 = Debug|Any CPU
		{52C55BE7-9819-D5C7-D51A-3C1B5404C068}.Release|Any CPU.ActiveCfg = Release|Any CPU
		{52C55BE7-9819-D5C7-D51A-3C1B5404C068}.Release|Any CPU.Build.0 = Release|Any CPU
	EndGlobalSection
	GlobalSection(SolutionProperties) = preSolution
		HideSolutionNode = FALSE
	EndGlobalSection
	GlobalSection(ExtensibilityGlobals) = postSolution
		SolutionGuid = {1A7389E0-D880-426B-835D-FC3D574209F4}
	EndGlobalSection
EndGlobal
